
Microsoft Visual Studio Solution File, Format Version 12.00
# Visual Studio Version 16
VisualStudioVersion = 16.0.31729.503
MinimumVisualStudioVersion = 10.0.40219.1
Project("{8BC9CEB8-8B4A-11D0-8D11-00A0C91BC942}") = "上寄作业（zh）", "上寄作业（zh）.vcxproj", "{24F1E148-1EFB-4DD0-BEF8-E12023D0D1F7}"
EndProject
Global
	GlobalSection(SolutionConfigurationPlatforms) = preSolution
		Debug|x64 = Debug|x64
		Debug|x86 = Debug|x86
		Release|x64 = Release|x64
		Release|x86 = Release|x86
	EndGlobalSection
	GlobalSection(ProjectConfigurationPlatforms) = postSolution
		{24F1E148-1EFB-4DD0-BEF8-E12023D0D1F7}.Debug|x64.ActiveCfg = Debug|x64
		{24F1E148-1EFB-4DD0-BEF8-E12023D0D1F7}.Debug|x64.Build.0 = Debug|x64
		{24F1E148-1EFB-4DD0-BEF8-E12023D0D1F7}.Debug|x86.ActiveCfg = Debug|Win32
		{24F1E148-1EFB-4DD0-BEF8-E12023D0D1F7}.Debug|x86.Build.0 = Debug|Win32
		{24F1E148-1EFB-4DD0-BEF8-E12023D0D1F7}.Release|x64.ActiveCfg = Release|x64
		{24F1E148-1EFB-4DD0-BEF8-E12023D0D1F7}.Release|x64.Build.0 = Release|x64
		{24F1E148-1EFB-4DD0-BEF8-E12023D0D1F7}.Release|x86.ActiveCfg = Release|Win32
		{24F1E148-1EFB-4DD0-BEF8-E12023D0D1F7}.Release|x86.Build.0 = Release|Win32
	EndGlobalSection
	GlobalSection(SolutionProperties) = preSolution
		HideSolutionNode = FALSE
	EndGlobalSection
	GlobalSection(ExtensibilityGlobals) = postSolution
		SolutionGuid = {2348F56D-25B6-4B90-AD7F-DC68F5E5A92D}
	EndGlobalSection
EndGlobal
